
Microsoft Visual Studio Solution File, Format Version 12.00
# Visual Studio Version 16
VisualStudioVersion = 16.0.31624.102
MinimumVisualStudioVersion = 10.0.40219.1
Project("{FAE04EC0-301F-11D3-BF4B-00C04F79EFBC}") = "WebApplication1", "WebApplication1\WebApplication1.csproj", "{1D0AE411-8F3B-438A-9B78-F92B430A5EB8}"
EndProject
Global
	GlobalSection(SolutionConfigurationPlatforms) = preSolution
		Debug|Any CPU = Debug|Any CPU
		Release|Any CPU = Release|Any CPU
	EndGlobalSection
	GlobalSection(ProjectConfigurationPlatforms) = postSolution
		{1D0AE411-8F3B-438A-9B78-F92B430A5EB8}.Debug|Any CPU.ActiveCfg = Debug|Any CPU
		{1D0AE411-8F3B-438A-9B78-F92B430A5EB8}.Debug|Any CPU.Build.0 = Debug|Any CPU
		{1D0AE411-8F3B-438A-9B78-F92B430A5EB8}.Release|Any CPU.ActiveCfg = Release|Any CPU
		{1D0AE411-8F3B-438A-9B78-F92B430A5EB8}.Release|Any CPU.Build.0 = Release|Any CPU
	EndGlobalSection
	GlobalSection(SolutionProperties) = preSolution
		HideSolutionNode = FALSE
	EndGlobalSection
	GlobalSection(ExtensibilityGlobals) = postSolution
		SolutionGuid = {FF7A6966-86AE-4DB5-ABC5-B660C0B8C712}
	EndGlobalSection
EndGlobal
